
Microsoft Visual Studio Solution File, Format Version 12.00
# Visual Studio Version 17
VisualStudioVersion = 17.9.34607.119
MinimumVisualStudioVersion = 10.0.40219.1
Project("{9A19103F-16F7-4668-BE54-9A1E7A4F7556}") = "FlightPlanner", "FlightPlanner\FlightPlanner.csproj", "{7A4E12B8-2693-40ED-945A-E6CCB721EE5F}"
EndProject
Project("{FAE04EC0-301F-11D3-BF4B-00C04F79EFBC}") = "FlightPlanner.Core", "FlightPlanner.Core\FlightPlanner.Core.csproj", "{3D2154D9-1576-43D8-959B-323BA36A4BF0}"
EndProject
Project("{FAE04EC0-301F-11D3-BF4B-00C04F79EFBC}") = "FlightPlanner.Data", "FlightPlanner.Data\FlightPlanner.Data.csproj", "{B0D2C8AB-7D0A-4B04-930B-2E0505F9FA77}"
EndProject
Project("{FAE04EC0-301F-11D3-BF4B-00C04F79EFBC}") = "FlightPlanner.Services", "FlightPlanner.Services\FlightPlanner.Services.csproj", "{B166D14C-0B95-449D-AC18-4E6BBDF5240E}"
EndProject
Project("{FAE04EC0-301F-11D3-BF4B-00C04F79EFBC}") = "FlightPlanner.UseCases", "FlightPlanner.UseCases\FlightPlanner.UseCases.csproj", "{F83C1255-97CC-41DC-8A32-1B4318A43C5A}"
EndProject
Global
	GlobalSection(SolutionConfigurationPlatforms) = preSolution
		Debug|Any CPU = Debug|Any CPU
		Release|Any CPU = Release|Any CPU
	EndGlobalSection
	GlobalSection(ProjectConfigurationPlatforms) = postSolution
		{7A4E12B8-2693-40ED-945A-E6CCB721EE5F}.Debug|Any CPU.ActiveCfg = Debug|Any CPU
		{7A4E12B8-2693-40ED-945A-E6CCB721EE5F}.Debug|Any CPU.Build.0 = Debug|Any CPU
		{7A4E12B8-2693-40ED-945A-E6CCB721EE5F}.Release|Any CPU.ActiveCfg = Release|Any CPU
		{7A4E12B8-2693-40ED-945A-E6CCB721EE5F}.Release|Any CPU.Build.0 = Release|Any CPU
		{3D2154D9-1576-43D8-959B-323BA36A4BF0}.Debug|Any CPU.ActiveCfg = Debug|Any CPU
		{3D2154D9-1576-43D8-959B-323BA36A4BF0}.Debug|Any CPU.Build.0 = Debug|Any CPU
		{3D2154D9-1576-43D8-959B-323BA36A4BF0}.Release|Any CPU.ActiveCfg = Release|Any CPU
		{3D2154D9-1576-43D8-959B-323BA36A4BF0}.Release|Any CPU.Build.0 = Release|Any CPU
		{B0D2C8AB-7D0A-4B04-930B-2E0505F9FA77}.Debug|Any CPU.ActiveCfg = Debug|Any CPU
		{B0D2C8AB-7D0A-4B04-930B-2E0505F9FA77}.Debug|Any CPU.Build.0 = Debug|Any CPU
		{B0D2C8AB-7D0A-4B04-930B-2E0505F9FA77}.Release|Any CPU.ActiveCfg = Release|Any CPU
		{B0D2C8AB-7D0A-4B04-930B-2E0505F9FA77}.Release|Any CPU.Build.0 = Release|Any CPU
		{B166D14C-0B95-449D-AC18-4E6BBDF5240E}.Debug|Any CPU.ActiveCfg = Debug|Any CPU
		{B166D14C-0B95-449D-AC18-4E6BBDF5240E}.Debug|Any CPU.Build.0 = Debug|Any CPU
		{B166D14C-0B95-449D-AC18-4E6BBDF5240E}.Release|Any CPU.ActiveCfg = Release|Any CPU
		{B166D14C-0B95-449D-AC18-4E6BBDF5240E}.Release|Any CPU.Build.0 = Release|Any CPU
		{F83C1255-97CC-41DC-8A32-1B4318A43C5A}.Debug|Any CPU.ActiveCfg = Debug|Any CPU
		{F83C1255-97CC-41DC-8A32-1B4318A43C5A}.Debug|Any CPU.Build.0 = Debug|Any CPU
		{F83C1255-97CC-41DC-8A32-1B4318A43C5A}.Release|Any CPU.ActiveCfg = Release|Any CPU
		{F83C1255-97CC-41DC-8A32-1B4318A43C5A}.Release|Any CPU.Build.0 = Release|Any CPU
	EndGlobalSection
	GlobalSection(SolutionProperties) = preSolution
		HideSolutionNode = FALSE
	EndGlobalSection
	GlobalSection(ExtensibilityGlobals) = postSolution
		SolutionGuid = {16DC29D2-3094-450D-B6FE-83AAA89A8F67}
	EndGlobalSection
EndGlobal
